// !$*UTF8*$!
{
	archiveVersion = 1;
	classes = {
	};
	objectVersion = 46;
	objects = {

/* Begin PBXBuildFile section */
		589AFBD31D6ADE6500A8A1C5 /* AppDelegate.swift in Sources */ = {isa = PBXBuildFile; fileRef = 589AFBD21D6ADE6500A8A1C5 /* AppDelegate.swift */; };
		589AFBD51D6ADE6500A8A1C5 /* ViewController.swift in Sources */ = {isa = PBXBuildFile; fileRef = 589AFBD41D6ADE6500A8A1C5 /* ViewController.swift */; };
		589AFBD81D6ADE6500A8A1C5 /* Main.storyboard in Resources */ = {isa = PBXBuildFile; fileRef = 589AFBD61D6ADE6500A8A1C5 /* Main.storyboard */; };
		589AFBDA1D6ADE6500A8A1C5 /* Assets.xcassets in Resources */ = {isa = PBXBuildFile; fileRef = 589AFBD91D6ADE6500A8A1C5 /* Assets.xcassets */; };
		589AFBDD1D6ADE6500A8A1C5 /* LaunchScreen.storyboard in Resources */ = {isa = PBXBuildFile; fileRef = 589AFBDB1D6ADE6500A8A1C5 /* LaunchScreen.storyboard */; };
		58D94B121D6B021300E53BDF /* CubeMap.m in Sources */ = {isa = PBXBuildFile; fileRef = 58D94B111D6B021300E53BDF /* CubeMap.m */; };
		58D94B1C1D6B07DF00E53BDF /* Logo_WWDC2016.png in Resources */ = {isa = PBXBuildFile; fileRef = 58D94B1B1D6B07DF00E53BDF /* Logo_WWDC2016.png */; };
/* End PBXBuildFile section */

/* Begin PBXFileReference section */
		581AD5581D6AF726002A18A9 /* ComplexFiltersPractice-Bridging-Header.h */ = {isa = PBXFileReference; lastKnownFileType = sourcecode.c.h; path = "ComplexFiltersPractice-Bridging-Header.h"; sourceTree = "<group>"; };
		589AFBCF1D6ADE6500A8A1C5 /* ComplexFiltersPractice.app */ = {isa = PBXFileReference; explicitFileType = wrapper.application; includeInIndex = 0; path = ComplexFiltersPractice.app; sourceTree = BUILT_PRODUCTS_DIR; };
		589AFBD21D6ADE6500A8A1C5 /* AppDelegate.swift */ = {isa = PBXFileReference; lastKnownFileType = sourcecode.swift; path = AppDelegate.swift; sourceTree = "<group>"; };
		589AFBD41D6ADE6500A8A1C5 /* ViewController.swift */ = {isa = PBXFileReference; lastKnownFileType = sourcecode.swift; path = ViewController.swift; sourceTree = "<group>"; };
		589AFBD71D6ADE6500A8A1C5 /* Base */ = {isa = PBXFileReference; lastKnownFileType = file.storyboard; name = Base; path = Base.lproj/Main.storyboard; sourceTree = "<group>"; };
		589AFBD91D6ADE6500A8A1C5 /* Assets.xcassets */ = {isa = PBXFileReference; lastKnownFileType = folder.assetcatalog; path = Assets.xcassets; sourceTree = "<group>"; };
		589AFBDC1D6ADE6500A8A1C5 /* Base */ = {isa = PBXFileReference; lastKnownFileType = file.storyboard; name = Base; path = Base.lproj/LaunchScreen.storyboard; sourceTree = "<group>"; };
		589AFBDE1D6ADE6500A8A1C5 /* Info.plist */ = {isa = PBXFileReference; lastKnownFileType = text.plist.xml; path = Info.plist; sourceTree = "<group>"; };
		58D94B101D6B021300E53BDF /* CubeMap.h */ = {isa = PBXFileReference; fileEncoding = 4; lastKnownFileType = sourcecode.c.h; path = CubeMap.h; sourceTree = "<group>"; };
		58D94B111D6B021300E53BDF /* CubeMap.m */ = {isa = PBXFileReference; fileEncoding = 4; lastKnownFileType = sourcecode.c.objc; path = CubeMap.m; sourceTree = "<group>"; };
		58D94B1B1D6B07DF00E53BDF /* Logo_WWDC2016.png */ = {isa = PBXFileReference; lastKnownFileType = image.png; path = Logo_WWDC2016.png; sourceTree = "<group>"; };
/* End PBXFileReference section */

/* Begin PBXFrameworksBuildPhase section */
		589AFBCC1D6ADE6500A8A1C5 /* Frameworks */ = {
			isa = PBXFrameworksBuildPhase;
			buildActionMask = 2147483647;
			files = (
			);
			runOnlyForDeploymentPostprocessing = 0;
		};
/* End PBXFrameworksBuildPhase section */

/* Begin PBXGroup section */
		589AFBC61D6ADE6500A8A1C5 = {
			isa = PBXGroup;
			children = (
				589AFBD11D6ADE6500A8A1C5 /* ComplexFiltersPractice */,
				589AFBD01D6ADE6500A8A1C5 /* Products */,
			);
			sourceTree = "<group>";
		};
		589AFBD01D6ADE6500A8A1C5 /* Products */ = {
			isa = PBXGroup;
			children = (
				589AFBCF1D6ADE6500A8A1C5 /* ComplexFiltersPractice.app */,
			);
			name = Products;
			sourceTree = "<group>";
		};
		589AFBD11D6ADE6500A8A1C5 /* ComplexFiltersPractice */ = {
			isa = PBXGroup;
			children = (
				589AFBD21D6ADE6500A8A1C5 /* AppDelegate.swift */,
				589AFBD41D6ADE6500A8A1C5 /* ViewController.swift */,
				58D94B101D6B021300E53BDF /* CubeMap.h */,
				58D94B111D6B021300E53BDF /* CubeMap.m */,
				589AFBD61D6ADE6500A8A1C5 /* Main.storyboard */,
				589AFBD91D6ADE6500A8A1C5 /* Assets.xcassets */,
				589AFBDB1D6ADE6500A8A1C5 /* LaunchScreen.storyboard */,
				58D94B1B1D6B07DF00E53BDF /* Logo_WWDC2016.png */,
				589AFBDE1D6ADE6500A8A1C5 /* Info.plist */,
				581AD5581D6AF726002A18A9 /* ComplexFiltersPractice-Bridging-Header.h */,
			);
			path = ComplexFiltersPractice;
			sourceTree = "<group>";
		};
/* End PBXGroup section */

/* Begin PBXNativeTarget section */
		589AFBCE1D6ADE6500A8A1C5 /* ComplexFiltersPractice */ = {
			isa = PBXNativeTarget;
			buildConfigurationList = 589AFBE11D6ADE6500A8A1C5 /* Build configuration list for PBXNativeTarget "ComplexFiltersPractice" */;
			buildPhases = (
				589AFBCB1D6ADE6500A8A1C5 /* Sources */,
				589AFBCC1D6ADE6500A8A1C5 /* Frameworks */,
				589AFBCD1D6ADE6500A8A1C5 /* Resources */,
			);
			buildRules = (
			);
			dependencies = (
			);
			name = ComplexFiltersPractice;
			productName = ComplexFiltersPractice;
			productReference = 589AFBCF1D6ADE6500A8A1C5 /* ComplexFiltersPractice.app */;
			productType = "com.apple.product-type.application";
		};
/* End PBXNativeTarget section */

/* Begin PBXProject section */
		589AFBC71D6ADE6500A8A1C5 /* Project object */ = {
			isa = PBXProject;
			attributes = {
				LastSwiftUpdateCheck = 0800;
				LastUpgradeCheck = 0800;
				ORGANIZATIONNAME = ZK;
				TargetAttributes = {
					589AFBCE1D6ADE6500A8A1C5 = {
						CreatedOnToolsVersion = 8.0;
						DevelopmentTeam = ZLU2H6WNEP;
						LastSwiftMigration = 0800;
						ProvisioningStyle = Automatic;
					};
				};
			};
			buildConfigurationList = 589AFBCA1D6ADE6500A8A1C5 /* Build configuration list for PBXProject "ComplexFiltersPractice" */;
			compatibilityVersion = "Xcode 3.2";
			developmentRegion = English;
			hasScannedForEncodings = 0;
			knownRegions = (
				en,
				Base,
			);
			mainGroup = 589AFBC61D6ADE6500A8A1C5;
			productRefGroup = 589AFBD01D6ADE6500A8A1C5 /* Products */;
			projectDirPath = "";
			projectRoot = "";
			targets = (
				589AFBCE1D6ADE6500A8A1C5 /* ComplexFiltersPractice */,
			);
		};
/* End PBXProject section */

/* Begin PBXResourcesBuildPhase section */
		589AFBCD1D6ADE6500A8A1C5 /* Resources */ = {
			isa = PBXResourcesBuildPhase;
			buildActionMask = 2147483647;
			files = (
				589AFBDD1D6ADE6500A8A1C5 /* LaunchScreen.storyboard in Resources */,
				589AFBDA1D6ADE6500A8A1C5 /* Assets.xcassets in Resources */,
				58D94B1C1D6B07DF00E53BDF /* Logo_WWDC2016.png in Resources */,
				589AFBD81D6ADE6500A8A1C5 /* Main.storyboard in Resources */,
			);
			runOnlyForDeploymentPostprocessing = 0;
		};
/* End PBXResourcesBuildPhase section */

/* Begin PBXSourcesBuildPhase section */
		589AFBCB1D6ADE6500A8A1C5 /* Sources */ = {
			isa = PBXSourcesBuildPhase;
			buildActionMask = 2147483647;
			files = (
				589AFBD51D6ADE6500A8A1C5 /* ViewController.swift in Sources */,
				58D94B121D6B021300E53BDF /* CubeMap.m in Sources */,
				589AFBD31D6ADE6500A8A1C5 /* AppDelegate.swift in Sources */,
			);
			runOnlyForDeploymentPostprocessing = 0;
		};
/* End PBXSourcesBuildPhase section */

/* Begin PBXVariantGroup section */
		589AFBD61D6ADE6500A8A1C5 /* Main.storyboard */ = {
			isa = PBXVariantGroup;
			children = (
				589AFBD71D6ADE6500A8A1C5 /* Base */,
			);
			name = Main.storyboard;
			sourceTree = "<group>";
		};
		589AFBDB1D6ADE6500A8A1C5 /* LaunchScreen.storyboard */ = {
			isa = PBXVariantGroup;
			children = (
				589AFBDC1D6ADE6500A8A1C5 /* Base */,
			);
			name = LaunchScreen.storyboard;
			sourceTree = "<group>";
		};
/* End PBXVariantGroup section */

/* Begin XCBuildConfiguration section */
		589AFBDF1D6ADE6500A8A1C5 /* Debug */ = {
			isa = XCBuildConfiguration;
			buildSettings = {
				ALWAYS_SEARCH_USER_PATHS = NO;
				CLANG_ANALYZER_NONNULL = YES;
				CLANG_CXX_LANGUAGE_STANDARD = "gnu++0x";
				CLANG_CXX_LIBRARY = "libc++";
				CLANG_ENABLE_MODULES = YES;
				CLANG_ENABLE_OBJC_ARC = YES;
				CLANG_WARN_BOOL_CONVERSION = YES;
				CLANG_WARN_CONSTANT_CONVERSION = YES;
				CLANG_WARN_DIRECT_OBJC_ISA_USAGE = YES_ERROR;
				CLANG_WARN_DOCUMENTATION_COMMENTS = YES;
				CLANG_WARN_EMPTY_BODY = YES;
				CLANG_WARN_ENUM_CONVERSION = YES;
				CLANG_WARN_INFINITE_RECURSION = YES;
				CLANG_WARN_INT_CONVERSION = YES;
				CLANG_WARN_OBJC_ROOT_CLASS = YES_ERROR;
				CLANG_WARN_SUSPICIOUS_MOVES = YES;
				CLANG_WARN_UNREACHABLE_CODE = YES;
				CLANG_WARN__DUPLICATE_METHOD_MATCH = YES;
				"CODE_SIGN_IDENTITY[sdk=iphoneos*]" = "iPhone Developer";
				COPY_PHASE_STRIP = NO;
				DEBUG_INFORMATION_FORMAT = dwarf;
				ENABLE_STRICT_OBJC_MSGSEND = YES;
				ENABLE_TESTABILITY = YES;
				GCC_C_LANGUAGE_STANDARD = gnu99;
				GCC_DYNAMIC_NO_PIC = NO;
				GCC_NO_COMMON_BLOCKS = YES;
				GCC_OPTIMIZATION_LEVEL = 0;
				GCC_PREPROCESSOR_DEFINITIONS = (
					"DEBUG=1",
					"$(inherited)",
				);
				GCC_WARN_64_TO_32_BIT_CONVERSION = YES;
				GCC_WARN_ABOUT_RETURN_TYPE = YES_ERROR;
				GCC_WARN_UNDECLARED_SELECTOR = YES;
				GCC_WARN_UNINITIALIZED_AUTOS = YES_AGGRESSIVE;
				GCC_WARN_UNUSED_FUNCTION = YES;
				GCC_WARN_UNUSED_VARIABLE = YES;
				IPHONEOS_DEPLOYMENT_TARGET = 10.0;
				MTL_ENABLE_DEBUG_INFO = YES;
				ONLY_ACTIVE_ARCH = YES;
				SDKROOT = iphoneos;
				SWIFT_ACTIVE_COMPILATION_CONDITIONS = DEBUG;
				SWIFT_OPTIMIZATION_LEVEL = "-Onone";
			};
			name = Debug;
		};
		589AFBE01D6ADE6500A8A1C5 /* Release */ = {
			isa = XCBuildConfiguration;
			buildSettings = {
				ALWAYS_SEARCH_USER_PATHS = NO;
				CLANG_ANALYZER_NONNULL = YES;
				CLANG_CXX_LANGUAGE_STANDARD = "gnu++0x";
				CLANG_CXX_LIBRARY = "libc++";
				CLANG_ENABLE_MODULES = YES;
				CLANG_ENABLE_OBJC_ARC = YES;
				CLANG_WARN_BOOL_CONVERSION = YES;
				CLANG_WARN_CONSTANT_CONVERSION = YES;
				CLANG_WARN_DIRECT_OBJC_ISA_USAGE = YES_ERROR;
				CLANG_WARN_DOCUMENTATION_COMMENTS = YES;
				CLANG_WARN_EMPTY_BODY = YES;
				CLANG_WARN_ENUM_CONVERSION = YES;
				CLANG_WARN_INFINITE_RECURSION = YES;
				CLANG_WARN_INT_CONVERSION = YES;
				CLANG_WARN_OBJC_ROOT_CLASS = YES_ERROR;
				CLANG_WARN_SUSPICIOUS_MOVES = YES;
				CLANG_WARN_UNREACHABLE_CODE = YES;
				CLANG_WARN__DUPLICATE_METHOD_MATCH = YES;
				"CODE_SIGN_IDENTITY[sdk=iphoneos*]" = "iPhone Developer";
				COPY_PHASE_STRIP = NO;
				DEBUG_INFORMATION_FORMAT = "dwarf-with-dsym";
				ENABLE_NS_ASSERTIONS = NO;
				ENABLE_STRICT_OBJC_MSGSEND = YES;
				GCC_C_LANGUAGE_STANDARD = gnu99;
				GCC_NO_COMMON_BLOCKS = YES;
				GCC_WARN_64_TO_32_BIT_CONVERSION = YES;
				GCC_WARN_ABOUT_RETURN_TYPE = YES_ERROR;
				GCC_WARN_UNDECLARED_SELECTOR = YES;
				GCC_WARN_UNINITIALIZED_AUTOS = YES_AGGRESSIVE;
				GCC_WARN_UNUSED_FUNCTION = YES;
				GCC_WARN_UNUSED_VARIABLE = YES;
				IPHONEOS_DEPLOYMENT_TARGET = 10.0;
				MTL_ENABLE_DEBUG_INFO = NO;
				SDKROOT = iphoneos;
				SWIFT_OPTIMIZATION_LEVEL = "-Owholemodule";
				VALIDATE_PRODUCT = YES;
			};
			name = Release;
		};
		589AFBE21D6ADE6500A8A1C5 /* Debug */ = {
			isa = XCBuildConfiguration;
			buildSettings = {
				ASSETCATALOG_COMPILER_APPICON_NAME = AppIcon;
				CLANG_ENABLE_MODULES = YES;
				DEVELOPMENT_TEAM = ZLU2H6WNEP;
				INFOPLIST_FILE = ComplexFiltersPractice/Info.plist;
				LD_RUNPATH_SEARCH_PATHS = "$(inherited) @executable_path/Frameworks";
				PRODUCT_BUNDLE_IDENTIFIER = gl.ComplexFiltersPractice;
				PRODUCT_NAME = "$(TARGET_NAME)";
				SWIFT_OBJC_BRIDGING_HEADER = "ComplexFiltersPractice/ComplexFiltersPractice-Bridging-Header.h";
				SWIFT_OPTIMIZATION_LEVEL = "-Onone";
				SWIFT_VERSION = 3.0;
			};
			name = Debug;
		};
		589AFBE31D6ADE6500A8A1C5 /* Release */ = {
			isa = XCBuildConfiguration;
			buildSettings = {
				ASSETCATALOG_COMPILER_APPICON_NAME = AppIcon;
				CLANG_ENABLE_MODULES = YES;
				DEVELOPMENT_TEAM = ZLU2H6WNEP;
				INFOPLIST_FILE = ComplexFiltersPractice/Info.plist;
				LD_RUNPATH_SEARCH_PATHS = "$(inherited) @executable_path/Frameworks";
				PRODUCT_BUNDLE_IDENTIFIER = gl.ComplexFiltersPractice;
				PRODUCT_NAME = "$(TARGET_NAME)";
				SWIFT_OBJC_BRIDGING_HEADER = "ComplexFiltersPractice/ComplexFiltersPractice-Bridging-Header.h";
				SWIFT_VERSION = 3.0;
			};
			name = Release;
		};
/* End XCBuildConfiguration section */

/* Begin XCConfigurationList section */
		589AFBCA1D6ADE6500A8A1C5 /* Build configuration list for PBXProject "ComplexFiltersPractice" */ = {
			isa = XCConfigurationList;
			buildConfigurations = (
				589AFBDF1D6ADE6500A8A1C5 /* Debug */,
				589AFBE01D6ADE6500A8A1C5 /* Release */,
			);
			defaultConfigurationIsVisible = 0;
			defaultConfigurationName = Release;
		};
		589AFBE11D6ADE6500A8A1C5 /* Build configuration list for PBXNativeTarget "ComplexFiltersPractice" */ = {
			isa = XCConfigurationList;
			buildConfigurations = (
				589AFBE21D6ADE6500A8A1C5 /* Debug */,
				589AFBE31D6ADE6500A8A1C5 /* Release */,
			);
			defaultConfigurationIsVisible = 0;
			defaultConfigurationName = Release;
		};
/* End XCConfigurationList section */
	};
	rootObject = 589AFBC71D6ADE6500A8A1C5 /* Project object */;
}
